# Build dependencies (none are packaged into the application JAR).
# name  sha256  license  url
# Downloaded to .deps/j2me/ (gitignored) by tools/fetch_deps.sh, which verifies every hash.
ecj-3.33.0.jar	f7686c4960cf70c2ebc5c500a73a8cfc04541b730c18f1c5c21329889b137f45	EPL-2.0	https://repo1.maven.org/maven2/org/eclipse/jdt/ecj/3.33.0/ecj-3.33.0.jar
cldcapi11-2.0.4.jar	f86f41bfb4097e4bd9cdfeca528960f6977cbda0f5785342adef9909a6a3baef	LGPL (MicroEmulator)	https://repo1.maven.org/maven2/org/microemu/cldcapi11/2.0.4/cldcapi11-2.0.4.jar
microemu-jsr-75-2.0.4.jar	d4372cf344ee03f0261ae58bd3d2becb4aed98272bca7c6bb98749efd11b4601	LGPL (MicroEmulator)	https://repo1.maven.org/maven2/org/microemu/microemu-jsr-75/2.0.4/microemu-jsr-75-2.0.4.jar
midpapi20-2.0.4.jar	b7f6ed5e0344c7000643ecc114e6edff3587e8e77face546af0e12ffd6dbe826	LGPL (MicroEmulator)	https://repo1.maven.org/maven2/org/microemu/midpapi20/2.0.4/midpapi20-2.0.4.jar
proguard-7.9.1.zip	159a5c81f7a293520496b5896e3a2b8d56dff9d8d168b893188fb1a12525c4bb	GPL-2.0	https://github.com/Guardsquare/proguard/releases/download/v7.9.1/proguard-7.9.1.zip
proguard-7.9.1/lib/proguard.jar	cf36e761a28b4029b9b950880b0c09004eaae70727840e5c65cdc70d381e379d	GPL-2.0	extracted from proguard-7.9.1.zip
# Zopfli for tools/ZopfliDir.java (build host only): CafeUndZopfli sources at a fixed commit
cafeundzopfli-5cdf283/BitWriter.java	399c0a5719635a5a5c26daed8f7a63ff681c6fa3355a42295ca2ba3047b773dc	Apache-2.0	https://raw.githubusercontent.com/eustas/CafeUndZopfli/5cdf283e6768f04b3a5b0f905692b8588a898825/src/main/java/ru/eustas/zopfli/BitWriter.java
cafeundzopfli-5cdf283/BlockSplitter.java	d5ee0d2f272e62b8ac4584a228976b4af7ec86fc05c0ecfe0693f654c383f2fd	Apache-2.0	https://raw.githubusercontent.com/eustas/CafeUndZopfli/5cdf283e6768f04b3a5b0f905692b8588a898825/src/main/java/ru/eustas/zopfli/BlockSplitter.java
cafeundzopfli-5cdf283/Cookie.java	ea1389d462c669323011a78b1bc912e7b7bb3af10d98037d478fd3159f9eb140	Apache-2.0	https://raw.githubusercontent.com/eustas/CafeUndZopfli/5cdf283e6768f04b3a5b0f905692b8588a898825/src/main/java/ru/eustas/zopfli/Cookie.java
cafeundzopfli-5cdf283/Deflate.java	520d59bd460f55d063cbdd245cd3f5b60f26dd4f3737204245883391ec6eda4c	Apache-2.0	https://raw.githubusercontent.com/eustas/CafeUndZopfli/5cdf283e6768f04b3a5b0f905692b8588a898825/src/main/java/ru/eustas/zopfli/Deflate.java
cafeundzopfli-5cdf283/Hash.java	8bb9a7f143b44040471f2944679776b7133c82ff82144937ddb0a900a0f81b1d	Apache-2.0	https://raw.githubusercontent.com/eustas/CafeUndZopfli/5cdf283e6768f04b3a5b0f905692b8588a898825/src/main/java/ru/eustas/zopfli/Hash.java
cafeundzopfli-5cdf283/Katajainen.java	149775ff3ed47dc908d8218a4e43e4deecfec8ffb16dc46acde7a287d33acc78	Apache-2.0	https://raw.githubusercontent.com/eustas/CafeUndZopfli/5cdf283e6768f04b3a5b0f905692b8588a898825/src/main/java/ru/eustas/zopfli/Katajainen.java
cafeundzopfli-5cdf283/LongestMatchCache.java	99ce491340aa24d90253e239ef6964d532eb36f00fdb00c45caaa24e753ddf40	Apache-2.0	https://raw.githubusercontent.com/eustas/CafeUndZopfli/5cdf283e6768f04b3a5b0f905692b8588a898825/src/main/java/ru/eustas/zopfli/LongestMatchCache.java
cafeundzopfli-5cdf283/LzStore.java	c6c042d62e5ddafc1e7696cfd7d280fc84d0c519da9376518b419a1733b11edb	Apache-2.0	https://raw.githubusercontent.com/eustas/CafeUndZopfli/5cdf283e6768f04b3a5b0f905692b8588a898825/src/main/java/ru/eustas/zopfli/LzStore.java
cafeundzopfli-5cdf283/Options.java	36a93dfe00e31d8a179742c2eb6c789e4207ecb0dd4d1d9c1f99f1ecd5bb5cf0	Apache-2.0	https://raw.githubusercontent.com/eustas/CafeUndZopfli/5cdf283e6768f04b3a5b0f905692b8588a898825/src/main/java/ru/eustas/zopfli/Options.java
cafeundzopfli-5cdf283/Squeeze.java	4230925b2482c3c1db00651373e82dc4b3d4f1c2aa29a2a6e562a6b239ca9a8f	Apache-2.0	https://raw.githubusercontent.com/eustas/CafeUndZopfli/5cdf283e6768f04b3a5b0f905692b8588a898825/src/main/java/ru/eustas/zopfli/Squeeze.java
cafeundzopfli-5cdf283/SymbolStats.java	58ada354e2805d434f03fc0e3c173835fcf6bc689c716a3fa1685e60758de422	Apache-2.0	https://raw.githubusercontent.com/eustas/CafeUndZopfli/5cdf283e6768f04b3a5b0f905692b8588a898825/src/main/java/ru/eustas/zopfli/SymbolStats.java
cafeundzopfli-5cdf283/Util.java	9f44f7f091bb958418767b08d9f1c3610fe87a42e83077500ebaac8a87544188	Apache-2.0	https://raw.githubusercontent.com/eustas/CafeUndZopfli/5cdf283e6768f04b3a5b0f905692b8588a898825/src/main/java/ru/eustas/zopfli/Util.java
cafeundzopfli-5cdf283/Zopfli.java	1327ddddf2e0190e49f6ea646522df074c82ebab1e14e086c5b71e273b702c42	Apache-2.0	https://raw.githubusercontent.com/eustas/CafeUndZopfli/5cdf283e6768f04b3a5b0f905692b8588a898825/src/main/java/ru/eustas/zopfli/Zopfli.java
cafeundzopfli-5cdf283/ZopfliRuntimeException.java	aa2c1c62759cadf8affb801459875e19a9f472016f20b44850da99305669f9b0	Apache-2.0	https://raw.githubusercontent.com/eustas/CafeUndZopfli/5cdf283e6768f04b3a5b0f905692b8588a898825/src/main/java/ru/eustas/zopfli/ZopfliRuntimeException.java
